
Microsoft Visual Studio Solution File, Format Version 12.00
# Visual Studio Version 17
VisualStudioVersion = 17.9.34616.47
MinimumVisualStudioVersion = 10.0.40219.1
Project("{9A19103F-16F7-4668-BE54-9A1E7A4F7556}") = "WinFormsDemo", "WinFormsDemo\WinFormsDemo.csproj", "{5FE6B73C-B2D2-4132-850A-D6CD2827A770}"
EndProject
Project("{FAE04EC0-301F-11D3-BF4B-00C04F79EFBC}") = "ManagedLibrary", "ManagedLibrary\ManagedLibrary.csproj", "{AE22331B-9401-4983-BC40-B76666F55962}"
EndProject
Project("{F184B08F-C81C-45F6-A57F-5ABD9991F28F}") = "VbManagedLibrary", "VbManagedLibrary\VbManagedLibrary.vbproj", "{2E67CE4C-486A-4410-8043-4D1BE2FFB71F}"
EndProject
Global
	GlobalSection(SolutionConfigurationPlatforms) = preSolution
		Debug|Any CPU = Debug|Any CPU
		Release|Any CPU = Release|Any CPU
	EndGlobalSection
	GlobalSection(ProjectConfigurationPlatforms) = postSolution
		{5FE6B73C-B2D2-4132-850A-D6CD2827A770}.Debug|Any CPU.ActiveCfg = Debug|Any CPU
		{5FE6B73C-B2D2-4132-850A-D6CD2827A770}.Debug|Any CPU.Build.0 = Debug|Any CPU
		{5FE6B73C-B2D2-4132-850A-D6CD2827A770}.Release|Any CPU.ActiveCfg = Release|Any CPU
		{5FE6B73C-B2D2-4132-850A-D6CD2827A770}.Release|Any CPU.Build.0 = Release|Any CPU
		{AE22331B-9401-4983-BC40-B76666F55962}.Debug|Any CPU.ActiveCfg = Debug|Any CPU
		{AE22331B-9401-4983-BC40-B76666F55962}.Debug|Any CPU.Build.0 = Debug|Any CPU
		{AE22331B-9401-4983-BC40-B76666F55962}.Release|Any CPU.ActiveCfg = Release|Any CPU
		{AE22331B-9401-4983-BC40-B76666F55962}.Release|Any CPU.Build.0 = Release|Any CPU
		{2E67CE4C-486A-4410-8043-4D1BE2FFB71F}.Debug|Any CPU.ActiveCfg = Debug|Any CPU
		{2E67CE4C-486A-4410-8043-4D1BE2FFB71F}.Debug|Any CPU.Build.0 = Debug|Any CPU
		{2E67CE4C-486A-4410-8043-4D1BE2FFB71F}.Release|Any CPU.ActiveCfg = Release|Any CPU
		{2E67CE4C-486A-4410-8043-4D1BE2FFB71F}.Release|Any CPU.Build.0 = Release|Any CPU
	EndGlobalSection
	GlobalSection(SolutionProperties) = preSolution
		HideSolutionNode = FALSE
	EndGlobalSection
	GlobalSection(ExtensibilityGlobals) = postSolution
		SolutionGuid = {BBDB018B-E0AC-42DC-A50E-CD93B09B6E79}
	EndGlobalSection
EndGlobal
